
Microsoft Visual Studio Solution File, Format Version 12.00
# Visual Studio Version 17
VisualStudioVersion = 17.14.36408.4 d17.14
MinimumVisualStudioVersion = 10.0.40219.1
Project("{FAE04EC0-301F-11D3-BF4B-00C04F79EFBC}") = "WebAppTrainees", "WebAppTrainees.csproj", "{7A5CEF5C-EA44-4BBE-AD6F-E477F83EF893}"
EndProject
Global
	GlobalSection(SolutionConfigurationPlatforms) = preSolution
		Debug|Any CPU = Debug|Any CPU
		Release|Any CPU = Release|Any CPU
	EndGlobalSection
	GlobalSection(ProjectConfigurationPlatforms) = postSolution
		{7A5CEF5C-EA44-4BBE-AD6F-E477F83EF893}.Debug|Any CPU.ActiveCfg = Debug|Any CPU
		{7A5CEF5C-EA44-4BBE-AD6F-E477F83EF893}.Debug|Any CPU.Build.0 = Debug|Any CPU
		{7A5CEF5C-EA44-4BBE-AD6F-E477F83EF893}.Release|Any CPU.ActiveCfg = Release|Any CPU
		{7A5CEF5C-EA44-4BBE-AD6F-E477F83EF893}.Release|Any CPU.Build.0 = Release|Any CPU
	EndGlobalSection
	GlobalSection(SolutionProperties) = preSolution
		HideSolutionNode = FALSE
	EndGlobalSection
	GlobalSection(ExtensibilityGlobals) = postSolution
		SolutionGuid = {49C2BE04-7B42-4730-80AE-E7A4BCDF676B}
	EndGlobalSection
EndGlobal
